// !$*UTF8*$!
{
	archiveVersion = 1;
	classes = {
	};
	objectVersion = 55;
	objects = {

/* Begin PBXBuildFile section */
		C23F71FB2795E2DE0084A43E /* AppDelegate.swift in Sources */ = {isa = PBXBuildFile; fileRef = C23F71FA2795E2DE0084A43E /* AppDelegate.swift */; };
		C23F71FD2795E2DE0084A43E /* SceneDelegate.swift in Sources */ = {isa = PBXBuildFile; fileRef = C23F71FC2795E2DE0084A43E /* SceneDelegate.swift */; };
		C23F72022795E2DE0084A43E /* Main.storyboard in Resources */ = {isa = PBXBuildFile; fileRef = C23F72002795E2DE0084A43E /* Main.storyboard */; };
		C23F72042795E2DF0084A43E /* Assets.xcassets in Resources */ = {isa = PBXBuildFile; fileRef = C23F72032795E2DF0084A43E /* Assets.xcassets */; };
		C23F72072795E2DF0084A43E /* LaunchScreen.storyboard in Resources */ = {isa = PBXBuildFile; fileRef = C23F72052795E2DF0084A43E /* LaunchScreen.storyboard */; };
		C23F72102795E8610084A43E /* food.swift in Sources */ = {isa = PBXBuildFile; fileRef = C23F720F2795E8610084A43E /* food.swift */; };
		C23F72132795E9660084A43E /* Food.Controller.swift in Sources */ = {isa = PBXBuildFile; fileRef = C23F72122795E9660084A43E /* Food.Controller.swift */; };
		C23F72162795EEBA0084A43E /* FoodListTableViewController.swift in Sources */ = {isa = PBXBuildFile; fileRef = C23F72152795EEBA0084A43E /* FoodListTableViewController.swift */; };
/* End PBXBuildFile section */

/* Begin PBXFileReference section */
		C23F71F72795E2DE0084A43E /* MealFull.app */ = {isa = PBXFileReference; explicitFileType = wrapper.application; includeInIndex = 0; path = MealFull.app; sourceTree = BUILT_PRODUCTS_DIR; };
		C23F71FA2795E2DE0084A43E /* AppDelegate.swift */ = {isa = PBXFileReference; lastKnownFileType = sourcecode.swift; path = AppDelegate.swift; sourceTree = "<group>"; };
		C23F71FC2795E2DE0084A43E /* SceneDelegate.swift */ = {isa = PBXFileReference; lastKnownFileType = sourcecode.swift; path = SceneDelegate.swift; sourceTree = "<group>"; };
		C23F72012795E2DE0084A43E /* Base */ = {isa = PBXFileReference; lastKnownFileType = file.storyboard; name = Base; path = Base.lproj/Main.storyboard; sourceTree = "<group>"; };
		C23F72032795E2DF0084A43E /* Assets.xcassets */ = {isa = PBXFileReference; lastKnownFileType = folder.assetcatalog; path = Assets.xcassets; sourceTree = "<group>"; };
		C23F72062795E2DF0084A43E /* Base */ = {isa = PBXFileReference; lastKnownFileType = file.storyboard; name = Base; path = Base.lproj/LaunchScreen.storyboard; sourceTree = "<group>"; };
		C23F72082795E2DF0084A43E /* Info.plist */ = {isa = PBXFileReference; lastKnownFileType = text.plist.xml; path = Info.plist; sourceTree = "<group>"; };
		C23F720F2795E8610084A43E /* food.swift */ = {isa = PBXFileReference; lastKnownFileType = sourcecode.swift; path = food.swift; sourceTree = "<group>"; };
		C23F72122795E9660084A43E /* Food.Controller.swift */ = {isa = PBXFileReference; lastKnownFileType = sourcecode.swift; path = Food.Controller.swift; sourceTree = "<group>"; };
		C23F72152795EEBA0084A43E /* FoodListTableViewController.swift */ = {isa = PBXFileReference; lastKnownFileType = sourcecode.swift; path = FoodListTableViewController.swift; sourceTree = "<group>"; };
/* End PBXFileReference section */

/* Begin PBXFrameworksBuildPhase section */
		C23F71F42795E2DE0084A43E /* Frameworks */ = {
			isa = PBXFrameworksBuildPhase;
			buildActionMask = 2147483647;
			files = (
			);
			runOnlyForDeploymentPostprocessing = 0;
		};
/* End PBXFrameworksBuildPhase section */

/* Begin PBXGroup section */
		C23F71EE2795E2DE0084A43E = {
			isa = PBXGroup;
			children = (
				C23F72172795EEC00084A43E /* ViewController */,
				C23F72142795E96C0084A43E /* Model Controller */,
				C23F72112795E8650084A43E /* model */,
				C23F71F92795E2DE0084A43E /* MealFull */,
				C23F71F82795E2DE0084A43E /* Products */,
			);
			sourceTree = "<group>";
		};
		C23F71F82795E2DE0084A43E /* Products */ = {
			isa = PBXGroup;
			children = (
				C23F71F72795E2DE0084A43E /* MealFull.app */,
			);
			name = Products;
			sourceTree = "<group>";
		};
		C23F71F92795E2DE0084A43E /* MealFull */ = {
			isa = PBXGroup;
			children = (
				C23F720E2795E5D80084A43E /* Resources */,
			);
			path = MealFull;
			sourceTree = "<group>";
		};
		C23F720E2795E5D80084A43E /* Resources */ = {
			isa = PBXGroup;
			children = (
				C23F71FA2795E2DE0084A43E /* AppDelegate.swift */,
				C23F71FC2795E2DE0084A43E /* SceneDelegate.swift */,
				C23F72032795E2DF0084A43E /* Assets.xcassets */,
				C23F72052795E2DF0084A43E /* LaunchScreen.storyboard */,
				C23F72082795E2DF0084A43E /* Info.plist */,
			);
			path = Resources;
			sourceTree = "<group>";
		};
		C23F72112795E8650084A43E /* model */ = {
			isa = PBXGroup;
			children = (
				C23F720F2795E8610084A43E /* food.swift */,
			);
			path = model;
			sourceTree = "<group>";
		};
		C23F72142795E96C0084A43E /* Model Controller */ = {
			isa = PBXGroup;
			children = (
				C23F72122795E9660084A43E /* Food.Controller.swift */,
			);
			path = "Model Controller";
			sourceTree = "<group>";
		};
		C23F72172795EEC00084A43E /* ViewController */ = {
			isa = PBXGroup;
			children = (
				C23F72002795E2DE0084A43E /* Main.storyboard */,
				C23F72152795EEBA0084A43E /* FoodListTableViewController.swift */,
			);
			path = ViewController;
			sourceTree = "<group>";
		};
/* End PBXGroup section */

/* Begin PBXNativeTarget section */
		C23F71F62795E2DE0084A43E /* MealFull */ = {
			isa = PBXNativeTarget;
			buildConfigurationList = C23F720B2795E2DF0084A43E /* Build configuration list for PBXNativeTarget "MealFull" */;
			buildPhases = (
				C23F71F32795E2DE0084A43E /* Sources */,
				C23F71F42795E2DE0084A43E /* Frameworks */,
				C23F71F52795E2DE0084A43E /* Resources */,
			);
			buildRules = (
			);
			dependencies = (
			);
			name = MealFull;
			productName = MealFull;
			productReference = C23F71F72795E2DE0084A43E /* MealFull.app */;
			productType = "com.apple.product-type.application";
		};
/* End PBXNativeTarget section */

/* Begin PBXProject section */
		C23F71EF2795E2DE0084A43E /* Project object */ = {
			isa = PBXProject;
			attributes = {
				BuildIndependentTargetsInParallel = 1;
				LastSwiftUpdateCheck = 1320;
				LastUpgradeCheck = 1320;
				TargetAttributes = {
					C23F71F62795E2DE0084A43E = {
						CreatedOnToolsVersion = 13.2.1;
					};
				};
			};
			buildConfigurationList = C23F71F22795E2DE0084A43E /* Build configuration list for PBXProject "MealFull" */;
			compatibilityVersion = "Xcode 13.0";
			developmentRegion = en;
			hasScannedForEncodings = 0;
			knownRegions = (
				en,
				Base,
			);
			mainGroup = C23F71EE2795E2DE0084A43E;
			productRefGroup = C23F71F82795E2DE0084A43E /* Products */;
			projectDirPath = "";
			projectRoot = "";
			targets = (
				C23F71F62795E2DE0084A43E /* MealFull */,
			);
		};
/* End PBXProject section */

/* Begin PBXResourcesBuildPhase section */
		C23F71F52795E2DE0084A43E /* Resources */ = {
			isa = PBXResourcesBuildPhase;
			buildActionMask = 2147483647;
			files = (
				C23F72072795E2DF0084A43E /* LaunchScreen.storyboard in Resources */,
				C23F72042795E2DF0084A43E /* Assets.xcassets in Resources */,
				C23F72022795E2DE0084A43E /* Main.storyboard in Resources */,
			);
			runOnlyForDeploymentPostprocessing = 0;
		};
/* End PBXResourcesBuildPhase section */

/* Begin PBXSourcesBuildPhase section */
		C23F71F32795E2DE0084A43E /* Sources */ = {
			isa = PBXSourcesBuildPhase;
			buildActionMask = 2147483647;
			files = (
				C23F72132795E9660084A43E /* Food.Controller.swift in Sources */,
				C23F72162795EEBA0084A43E /* FoodListTableViewController.swift in Sources */,
				C23F72102795E8610084A43E /* food.swift in Sources */,
				C23F71FB2795E2DE0084A43E /* AppDelegate.swift in Sources */,
				C23F71FD2795E2DE0084A43E /* SceneDelegate.swift in Sources */,
			);
			runOnlyForDeploymentPostprocessing = 0;
		};
/* End PBXSourcesBuildPhase section */

/* Begin PBXVariantGroup section */
		C23F72002795E2DE0084A43E /* Main.storyboard */ = {
			isa = PBXVariantGroup;
			children = (
				C23F72012795E2DE0084A43E /* Base */,
			);
			name = Main.storyboard;
			sourceTree = "<group>";
		};
		C23F72052795E2DF0084A43E /* LaunchScreen.storyboard */ = {
			isa = PBXVariantGroup;
			children = (
				C23F72062795E2DF0084A43E /* Base */,
			);
			name = LaunchScreen.storyboard;
			sourceTree = "<group>";
		};
/* End PBXVariantGroup section */

/* Begin XCBuildConfiguration section */
		C23F72092795E2DF0084A43E /* Debug */ = {
			isa = XCBuildConfiguration;
			buildSettings = {
				ALWAYS_SEARCH_USER_PATHS = NO;
				CLANG_ANALYZER_NONNULL = YES;
				CLANG_ANALYZER_NUMBER_OBJECT_CONVERSION = YES_AGGRESSIVE;
				CLANG_CXX_LANGUAGE_STANDARD = "gnu++17";
				CLANG_CXX_LIBRARY = "libc++";
				CLANG_ENABLE_MODULES = YES;
				CLANG_ENABLE_OBJC_ARC = YES;
				CLANG_ENABLE_OBJC_WEAK = YES;
				CLANG_WARN_BLOCK_CAPTURE_AUTORELEASING = YES;
				CLANG_WARN_BOOL_CONVERSION = YES;
				CLANG_WARN_COMMA = YES;
				CLANG_WARN_CONSTANT_CONVERSION = YES;
				CLANG_WARN_DEPRECATED_OBJC_IMPLEMENTATIONS = YES;
				CLANG_WARN_DIRECT_OBJC_ISA_USAGE = YES_ERROR;
				CLANG_WARN_DOCUMENTATION_COMMENTS = YES;
				CLANG_WARN_EMPTY_BODY = YES;
				CLANG_WARN_ENUM_CONVERSION = YES;
				CLANG_WARN_INFINITE_RECURSION = YES;
				CLANG_WARN_INT_CONVERSION = YES;
				CLANG_WARN_NON_LITERAL_NULL_CONVERSION = YES;
				CLANG_WARN_OBJC_IMPLICIT_RETAIN_SELF = YES;
				CLANG_WARN_OBJC_LITERAL_CONVERSION = YES;
				CLANG_WARN_OBJC_ROOT_CLASS = YES_ERROR;
				CLANG_WARN_QUOTED_INCLUDE_IN_FRAMEWORK_HEADER = YES;
				CLANG_WARN_RANGE_LOOP_ANALYSIS = YES;
				CLANG_WARN_STRICT_PROTOTYPES = YES;
				CLANG_WARN_SUSPICIOUS_MOVE = YES;
				CLANG_WARN_UNGUARDED_AVAILABILITY = YES_AGGRESSIVE;
				CLANG_WARN_UNREACHABLE_CODE = YES;
				CLANG_WARN__DUPLICATE_METHOD_MATCH = YES;
				COPY_PHASE_STRIP = NO;
				DEBUG_INFORMATION_FORMAT = dwarf;
				ENABLE_STRICT_OBJC_MSGSEND = YES;
				ENABLE_TESTABILITY = YES;
				GCC_C_LANGUAGE_STANDARD = gnu11;
				GCC_DYNAMIC_NO_PIC = NO;
				GCC_NO_COMMON_BLOCKS = YES;
				GCC_OPTIMIZATION_LEVEL = 0;
				GCC_PREPROCESSOR_DEFINITIONS = (
					"DEBUG=1",
					"$(inherited)",
				);
				GCC_WARN_64_TO_32_BIT_CONVERSION = YES;
				GCC_WARN_ABOUT_RETURN_TYPE = YES_ERROR;
				GCC_WARN_UNDECLARED_SELECTOR = YES;
				GCC_WARN_UNINITIALIZED_AUTOS = YES_AGGRESSIVE;
				GCC_WARN_UNUSED_FUNCTION = YES;
				GCC_WARN_UNUSED_VARIABLE = YES;
				IPHONEOS_DEPLOYMENT_TARGET = 15.2;
				MTL_ENABLE_DEBUG_INFO = INCLUDE_SOURCE;
				MTL_FAST_MATH = YES;
				ONLY_ACTIVE_ARCH = YES;
				SDKROOT = iphoneos;
				SWIFT_ACTIVE_COMPILATION_CONDITIONS = DEBUG;
				SWIFT_OPTIMIZATION_LEVEL = "-Onone";
			};
			name = Debug;
		};
		C23F720A2795E2DF0084A43E /* Release */ = {
			isa = XCBuildConfiguration;
			buildSettings = {
				ALWAYS_SEARCH_USER_PATHS = NO;
				CLANG_ANALYZER_NONNULL = YES;
				CLANG_ANALYZER_NUMBER_OBJECT_CONVERSION = YES_AGGRESSIVE;
				CLANG_CXX_LANGUAGE_STANDARD = "gnu++17";
				CLANG_CXX_LIBRARY = "libc++";
				CLANG_ENABLE_MODULES = YES;
				CLANG_ENABLE_OBJC_ARC = YES;
				CLANG_ENABLE_OBJC_WEAK = YES;
				CLANG_WARN_BLOCK_CAPTURE_AUTORELEASING = YES;
				CLANG_WARN_BOOL_CONVERSION = YES;
				CLANG_WARN_COMMA = YES;
				CLANG_WARN_CONSTANT_CONVERSION = YES;
				CLANG_WARN_DEPRECATED_OBJC_IMPLEMENTATIONS = YES;
				CLANG_WARN_DIRECT_OBJC_ISA_USAGE = YES_ERROR;
				CLANG_WARN_DOCUMENTATION_COMMENTS = YES;
				CLANG_WARN_EMPTY_BODY = YES;
				CLANG_WARN_ENUM_CONVERSION = YES;
				CLANG_WARN_INFINITE_RECURSION = YES;
				CLANG_WARN_INT_CONVERSION = YES;
				CLANG_WARN_NON_LITERAL_NULL_CONVERSION = YES;
				CLANG_WARN_OBJC_IMPLICIT_RETAIN_SELF = YES;
				CLANG_WARN_OBJC_LITERAL_CONVERSION = YES;
				CLANG_WARN_OBJC_ROOT_CLASS = YES_ERROR;
				CLANG_WARN_QUOTED_INCLUDE_IN_FRAMEWORK_HEADER = YES;
				CLANG_WARN_RANGE_LOOP_ANALYSIS = YES;
				CLANG_WARN_STRICT_PROTOTYPES = YES;
				CLANG_WARN_SUSPICIOUS_MOVE = YES;
				CLANG_WARN_UNGUARDED_AVAILABILITY = YES_AGGRESSIVE;
				CLANG_WARN_UNREACHABLE_CODE = YES;
				CLANG_WARN__DUPLICATE_METHOD_MATCH = YES;
				COPY_PHASE_STRIP = NO;
				DEBUG_INFORMATION_FORMAT = "dwarf-with-dsym";
				ENABLE_NS_ASSERTIONS = NO;
				ENABLE_STRICT_OBJC_MSGSEND = YES;
				GCC_C_LANGUAGE_STANDARD = gnu11;
				GCC_NO_COMMON_BLOCKS = YES;
				GCC_WARN_64_TO_32_BIT_CONVERSION = YES;
				GCC_WARN_ABOUT_RETURN_TYPE = YES_ERROR;
				GCC_WARN_UNDECLARED_SELECTOR = YES;
				GCC_WARN_UNINITIALIZED_AUTOS = YES_AGGRESSIVE;
				GCC_WARN_UNUSED_FUNCTION = YES;
				GCC_WARN_UNUSED_VARIABLE = YES;
				IPHONEOS_DEPLOYMENT_TARGET = 15.2;
				MTL_ENABLE_DEBUG_INFO = NO;
				MTL_FAST_MATH = YES;
				SDKROOT = iphoneos;
				SWIFT_COMPILATION_MODE = wholemodule;
				SWIFT_OPTIMIZATION_LEVEL = "-O";
				VALIDATE_PRODUCT = YES;
			};
			name = Release;
		};
		C23F720C2795E2DF0084A43E /* Debug */ = {
			isa = XCBuildConfiguration;
			buildSettings = {
				ASSETCATALOG_COMPILER_APPICON_NAME = AppIcon;
				ASSETCATALOG_COMPILER_GLOBAL_ACCENT_COLOR_NAME = AccentColor;
				CODE_SIGN_STYLE = Automatic;
				CURRENT_PROJECT_VERSION = 1;
				GENERATE_INFOPLIST_FILE = YES;
				INFOPLIST_FILE = MealFull/Resources/Info.plist;
				INFOPLIST_KEY_UIApplicationSupportsIndirectInputEvents = YES;
				INFOPLIST_KEY_UILaunchStoryboardName = LaunchScreen;
				INFOPLIST_KEY_UIMainStoryboardFile = Main;
				INFOPLIST_KEY_UISupportedInterfaceOrientations_iPad = "UIInterfaceOrientationPortrait UIInterfaceOrientationPortraitUpsideDown UIInterfaceOrientationLandscapeLeft UIInterfaceOrientationLandscapeRight";
				INFOPLIST_KEY_UISupportedInterfaceOrientations_iPhone = "UIInterfaceOrientationPortrait UIInterfaceOrientationLandscapeLeft UIInterfaceOrientationLandscapeRight";
				LD_RUNPATH_SEARCH_PATHS = (
					"$(inherited)",
					"@executable_path/Frameworks",
				);
				MARKETING_VERSION = 1.0;
				PRODUCT_BUNDLE_IDENTIFIER = com.AdamSmith.MealFull;
				PRODUCT_NAME = "$(TARGET_NAME)";
				SWIFT_EMIT_LOC_STRINGS = YES;
				SWIFT_VERSION = 5.0;
				TARGETED_DEVICE_FAMILY = "1,2";
			};
			name = Debug;
		};
		C23F720D2795E2DF0084A43E /* Release */ = {
			isa = XCBuildConfiguration;
			buildSettings = {
				ASSETCATALOG_COMPILER_APPICON_NAME = AppIcon;
				ASSETCATALOG_COMPILER_GLOBAL_ACCENT_COLOR_NAME = AccentColor;
				CODE_SIGN_STYLE = Automatic;
				CURRENT_PROJECT_VERSION = 1;
				GENERATE_INFOPLIST_FILE = YES;
				INFOPLIST_FILE = MealFull/Resources/Info.plist;
				INFOPLIST_KEY_UIApplicationSupportsIndirectInputEvents = YES;
				INFOPLIST_KEY_UILaunchStoryboardName = LaunchScreen;
				INFOPLIST_KEY_UIMainStoryboardFile = Main;
				INFOPLIST_KEY_UISupportedInterfaceOrientations_iPad = "UIInterfaceOrientationPortrait UIInterfaceOrientationPortraitUpsideDown UIInterfaceOrientationLandscapeLeft UIInterfaceOrientationLandscapeRight";
				INFOPLIST_KEY_UISupportedInterfaceOrientations_iPhone = "UIInterfaceOrientationPortrait UIInterfaceOrientationLandscapeLeft UIInterfaceOrientationLandscapeRight";
				LD_RUNPATH_SEARCH_PATHS = (
					"$(inherited)",
					"@executable_path/Frameworks",
				);
				MARKETING_VERSION = 1.0;
				PRODUCT_BUNDLE_IDENTIFIER = com.AdamSmith.MealFull;
				PRODUCT_NAME = "$(TARGET_NAME)";
				SWIFT_EMIT_LOC_STRINGS = YES;
				SWIFT_VERSION = 5.0;
				TARGETED_DEVICE_FAMILY = "1,2";
			};
			name = Release;
		};
/* End XCBuildConfiguration section */

/* Begin XCConfigurationList section */
		C23F71F22795E2DE0084A43E /* Build configuration list for PBXProject "MealFull" */ = {
			isa = XCConfigurationList;
			buildConfigurations = (
				C23F72092795E2DF0084A43E /* Debug */,
				C23F720A2795E2DF0084A43E /* Release */,
			);
			defaultConfigurationIsVisible = 0;
			defaultConfigurationName = Release;
		};
		C23F720B2795E2DF0084A43E /* Build configuration list for PBXNativeTarget "MealFull" */ = {
			isa = XCConfigurationList;
			buildConfigurations = (
				C23F720C2795E2DF0084A43E /* Debug */,
				C23F720D2795E2DF0084A43E /* Release */,
			);
			defaultConfigurationIsVisible = 0;
			defaultConfigurationName = Release;
		};
/* End XCConfigurationList section */
	};
	rootObject = C23F71EF2795E2DE0084A43E /* Project object */;
}
